
Microsoft Visual Studio Solution File, Format Version 12.00
# Visual Studio Version 16
VisualStudioVersion = 16.0.29806.167
MinimumVisualStudioVersion = 10.0.40219.1
Project("{FAE04EC0-301F-11D3-BF4B-00C04F79EFBC}") = "Lab3", "Lab3\Lab3.csproj", "{AAD90F1C-DC02-4369-AA76-CC9E9D97C16D}"
EndProject
Global
	GlobalSection(SolutionConfigurationPlatforms) = preSolution
		Debug|Any CPU = Debug|Any CPU
		Release|Any CPU = Release|Any CPU
	EndGlobalSection
	GlobalSection(ProjectConfigurationPlatforms) = postSolution
		{AAD90F1C-DC02-4369-AA76-CC9E9D97C16D}.Debug|Any CPU.ActiveCfg = Debug|Any CPU
		{AAD90F1C-DC02-4369-AA76-CC9E9D97C16D}.Debug|Any CPU.Build.0 = Debug|Any CPU
		{AAD90F1C-DC02-4369-AA76-CC9E9D97C16D}.Release|Any CPU.ActiveCfg = Release|Any CPU
		{AAD90F1C-DC02-4369-AA76-CC9E9D97C16D}.Release|Any CPU.Build.0 = Release|Any CPU
	EndGlobalSection
	GlobalSection(SolutionProperties) = preSolution
		HideSolutionNode = FALSE
	EndGlobalSection
	GlobalSection(ExtensibilityGlobals) = postSolution
		SolutionGuid = {3979B58E-2258-4F1D-9505-6997DCB42CFF}
	EndGlobalSection
EndGlobal
